
Microsoft Visual Studio Solution File, Format Version 12.00
# Visual Studio 2012
Project("{FAE04EC0-301F-11D3-BF4B-00C04F79EFBC}") = "GreedKata", "GreedKata\GreedKata.csproj", "{6F2B8011-EA1F-43A8-86BD-B6DCF05B7CEC}"
EndProject
Project("{FAE04EC0-301F-11D3-BF4B-00C04F79EFBC}") = "GreedKata.Specs", "GreedKata.Specs\GreedKata.Specs.csproj", "{B6B20B07-C8A2-4364-BAE7-F05A16C9BA13}"
EndProject
Global
	GlobalSection(SolutionConfigurationPlatforms) = preSolution
		Debug|Any CPU = Debug|Any CPU
		Release|Any CPU = Release|Any CPU
	EndGlobalSection
	GlobalSection(ProjectConfigurationPlatforms) = postSolution
		{6F2B8011-EA1F-43A8-86BD-B6DCF05B7CEC}.Debug|Any CPU.ActiveCfg = Debug|Any CPU
		{6F2B8011-EA1F-43A8-86BD-B6DCF05B7CEC}.Debug|Any CPU.Build.0 = Debug|Any CPU
		{6F2B8011-EA1F-43A8-86BD-B6DCF05B7CEC}.Release|Any CPU.ActiveCfg = Release|Any CPU
		{6F2B8011-EA1F-43A8-86BD-B6DCF05B7CEC}.Release|Any CPU.Build.0 = Release|Any CPU
		{B6B20B07-C8A2-4364-BAE7-F05A16C9BA13}.Debug|Any CPU.ActiveCfg = Debug|Any CPU
		{B6B20B07-C8A2-4364-BAE7-F05A16C9BA13}.Debug|Any CPU.Build.0 = Debug|Any CPU
		{B6B20B07-C8A2-4364-BAE7-F05A16C9BA13}.Release|Any CPU.ActiveCfg = Release|Any CPU
		{B6B20B07-C8A2-4364-BAE7-F05A16C9BA13}.Release|Any CPU.Build.0 = Release|Any CPU
	EndGlobalSection
	GlobalSection(SolutionProperties) = preSolution
		HideSolutionNode = FALSE
	EndGlobalSection
EndGlobal
